
Microsoft Visual Studio Solution File, Format Version 12.00
# Visual Studio Version 17
VisualStudioVersion = 17.2.32516.85
MinimumVisualStudioVersion = 10.0.40219.1
Project("{FAE04EC0-301F-11D3-BF4B-00C04F79EFBC}") = "Atividade2Djalma", "Atividade2Djalma.csproj", "{4C69A97D-BD39-4210-BC7A-643D92D70C3F}"
EndProject
Global
	GlobalSection(SolutionConfigurationPlatforms) = preSolution
		Debug|Any CPU = Debug|Any CPU
		Release|Any CPU = Release|Any CPU
	EndGlobalSection
	GlobalSection(ProjectConfigurationPlatforms) = postSolution
		{4C69A97D-BD39-4210-BC7A-643D92D70C3F}.Debug|Any CPU.ActiveCfg = Debug|Any CPU
		{4C69A97D-BD39-4210-BC7A-643D92D70C3F}.Debug|Any CPU.Build.0 = Debug|Any CPU
		{4C69A97D-BD39-4210-BC7A-643D92D70C3F}.Release|Any CPU.ActiveCfg = Release|Any CPU
		{4C69A97D-BD39-4210-BC7A-643D92D70C3F}.Release|Any CPU.Build.0 = Release|Any CPU
	EndGlobalSection
	GlobalSection(SolutionProperties) = preSolution
		HideSolutionNode = FALSE
	EndGlobalSection
	GlobalSection(ExtensibilityGlobals) = postSolution
		SolutionGuid = {148D4062-C369-4C48-92FF-3340483734AE}
	EndGlobalSection
EndGlobal
